{
  "name": "repro-261",
  "version": "1.0.0",
  "lockfileVersion": 3,
  "requires": true,
  "packages": {
    "": {
      "name": "repro-261",
      "version": "1.0.0",
      "dependencies": {
        "@weavix/tracker-plugin-sdk": "0.0.33"
      }
    },
    "node_modules/@weavix/sdk-core": {
      "version": "0.0.35",
      "resolved": "https://registry.npmjs.org/@weavix/sdk-core/-/sdk-core-0.0.35.tgz",
      "integrity": "sha512-vFgPeDPPZU0FOV0Cr/XNlMrF4XC6WdkGZg8VNxARVuts97kcMq9iAjrY1fKUvpJHk070X4SGWnZKOTrWP9Y1gg==",
      "license": "SEE LICENSE IN LICENSE",
      "peer": true,
      "dependencies": {
        "valibot": "1.2.0"
      }
    },
    "node_modules/@weavix/tracker-api-plugin": {
      "version": "0.0.4",
      "resolved": "https://registry.npmjs.org/@weavix/tracker-api-plugin/-/tracker-api-plugin-0.0.4.tgz",
      "integrity": "sha512-lLoAOy0yuFvwb5RxbOGjbO9wUurA65kjtYqNvVmNtjWWeVxqJhG3u5rAKJR/oEEOtveEVW4qSpcGW67SO5eTCw==",
      "license": "UNLICENSED",
      "peer": true,
      "peerDependencies": {
        "@weavix/sdk-core": ">=0.0.0",
        "@weavix/tracker-api-types": ">=0.0.0"
      }
    },
    "node_modules/@weavix/tracker-api-types": {
      "version": "0.0.6",
      "resolved": "https://registry.npmjs.org/@weavix/tracker-api-types/-/tracker-api-types-0.0.6.tgz",
      "integrity": "sha512-9SrIXXPb0AWKV+IZ0YzP2gNY9sVZKVLpETEdShlK1Odzoxxc8b4uixS5/t/WHfkrRStVZqJcal0XsmvI5tXvzQ==",
      "license": "MIT",
      "peer": true
    },
    "node_modules/@weavix/tracker-core": {
      "version": "0.0.33",
      "resolved": "https://registry.npmjs.org/@weavix/tracker-core/-/tracker-core-0.0.33.tgz",
      "integrity": "sha512-Ba/1OFQ2pu2gFGVW75orw0bNPvDJSPZMPtM9+PhfEK8ypFpXwMxvSKIPOz7/x/dZHb3NA1XeAX7EdUmyT5JYlQ==",
      "license": "SEE LICENSE IN LICENSE",
      "peer": true,
      "peerDependencies": {
        "@weavix/sdk-core": "^0.0.35"
      }
    },
    "node_modules/@weavix/tracker-plugin-sdk": {
      "version": "0.0.33",
      "resolved": "https://registry.npmjs.org/@weavix/tracker-plugin-sdk/-/tracker-plugin-sdk-0.0.33.tgz",
      "integrity": "sha512-+h30JL3OEahv2bo2tT0nXgqD0zqyX21T/FMKWGzz5CLRAT3tnoVgGxkD40ANyzaZOVj5HJl0ZxykBL448y0tow==",
      "license": "SEE LICENSE IN LICENSE",
      "peerDependencies": {
        "@weavix/sdk-core": "^0.0.35",
        "@weavix/tracker-api-plugin": "^0.0.4",
        "@weavix/tracker-core": "^0.0.33"
      }
    },
    "node_modules/valibot": {
      "version": "1.2.0",
      "resolved": "https://registry.npmjs.org/valibot/-/valibot-1.2.0.tgz",
      "integrity": "sha512-mm1rxUsmOxzrwnX5arGS+U4T25RdvpPjPN4yR0u9pUBov9+zGVtO84tif1eY4r6zWxVxu3KzIyknJy3rxfRZZg==",
      "license": "MIT",
      "peer": true,
      "peerDependencies": {
        "typescript": ">=5"
      },
      "peerDependenciesMeta": {
        "typescript": {
          "optional": true
        }
      }
    }
  }
}
